
Microsoft Visual Studio Solution File, Format Version 12.00
# Visual Studio Version 17
VisualStudioVersion = 17.10.35013.160
MinimumVisualStudioVersion = 10.0.40219.1
Project("{FAE04EC0-301F-11D3-BF4B-00C04F79EFBC}") = "NoughtsAndCrosses", "NoughtsAndCrosses\NoughtsAndCrosses.csproj", "{1577B80D-1A31-47C6-B9F0-58096D877C4C}"
EndProject
Project("{FAE04EC0-301F-11D3-BF4B-00C04F79EFBC}") = "Domain", "Domain\Domain.csproj", "{1C6293CF-2E9F-4AFF-A121-C5064A1C7E99}"
EndProject
Project("{FAE04EC0-301F-11D3-BF4B-00C04F79EFBC}") = "UnitTests", "UnitTests\UnitTests.csproj", "{28166452-190F-42A3-9328-3F6EDF826481}"
EndProject
Global
	GlobalSection(SolutionConfigurationPlatforms) = preSolution
		Debug|Any CPU = Debug|Any CPU
		Release|Any CPU = Release|Any CPU
	EndGlobalSection
	GlobalSection(ProjectConfigurationPlatforms) = postSolution
		{1577B80D-1A31-47C6-B9F0-58096D877C4C}.Debug|Any CPU.ActiveCfg = Debug|Any CPU
		{1577B80D-1A31-47C6-B9F0-58096D877C4C}.Debug|Any CPU.Build.0 = Debug|Any CPU
		{1577B80D-1A31-47C6-B9F0-58096D877C4C}.Release|Any CPU.ActiveCfg = Release|Any CPU
		{1577B80D-1A31-47C6-B9F0-58096D877C4C}.Release|Any CPU.Build.0 = Release|Any CPU
		{1C6293CF-2E9F-4AFF-A121-C5064A1C7E99}.Debug|Any CPU.ActiveCfg = Debug|Any CPU
		{1C6293CF-2E9F-4AFF-A121-C5064A1C7E99}.Debug|Any CPU.Build.0 = Debug|Any CPU
		{1C6293CF-2E9F-4AFF-A121-C5064A1C7E99}.Release|Any CPU.ActiveCfg = Release|Any CPU
		{1C6293CF-2E9F-4AFF-A121-C5064A1C7E99}.Release|Any CPU.Build.0 = Release|Any CPU
		{28166452-190F-42A3-9328-3F6EDF826481}.Debug|Any CPU.ActiveCfg = Debug|Any CPU
		{28166452-190F-42A3-9328-3F6EDF826481}.Debug|Any CPU.Build.0 = Debug|Any CPU
		{28166452-190F-42A3-9328-3F6EDF826481}.Release|Any CPU.ActiveCfg = Release|Any CPU
		{28166452-190F-42A3-9328-3F6EDF826481}.Release|Any CPU.Build.0 = Release|Any CPU
	EndGlobalSection
	GlobalSection(SolutionProperties) = preSolution
		HideSolutionNode = FALSE
	EndGlobalSection
	GlobalSection(ExtensibilityGlobals) = postSolution
		SolutionGuid = {77BEBFF1-75BD-4ECA-A61F-A520D1EDA4A1}
	EndGlobalSection
EndGlobal
